
Microsoft Visual Studio Solution File, Format Version 12.00
# Visual Studio Version 16
VisualStudioVersion = 16.0.30503.244
MinimumVisualStudioVersion = 10.0.40219.1
Project("{8BC9CEB8-8B4A-11D0-8D11-00A0C91BC942}") = "2021.11.21-Homework-5", "2021.11.21-Homework-5\2021.11.21-Homework-5.vcxproj", "{D2293E37-8EB8-4A45-B975-24AAD5CFEBEA}"
EndProject
Global
	GlobalSection(SolutionConfigurationPlatforms) = preSolution
		Debug|x64 = Debug|x64
		Debug|x86 = Debug|x86
		Release|x64 = Release|x64
		Release|x86 = Release|x86
	EndGlobalSection
	GlobalSection(ProjectConfigurationPlatforms) = postSolution
		{D2293E37-8EB8-4A45-B975-24AAD5CFEBEA}.Debug|x64.ActiveCfg = Debug|x64
		{D2293E37-8EB8-4A45-B975-24AAD5CFEBEA}.Debug|x64.Build.0 = Debug|x64
		{D2293E37-8EB8-4A45-B975-24AAD5CFEBEA}.Debug|x86.ActiveCfg = Debug|Win32
		{D2293E37-8EB8-4A45-B975-24AAD5CFEBEA}.Debug|x86.Build.0 = Debug|Win32
		{D2293E37-8EB8-4A45-B975-24AAD5CFEBEA}.Release|x64.ActiveCfg = Release|x64
		{D2293E37-8EB8-4A45-B975-24AAD5CFEBEA}.Release|x64.Build.0 = Release|x64
		{D2293E37-8EB8-4A45-B975-24AAD5CFEBEA}.Release|x86.ActiveCfg = Release|Win32
		{D2293E37-8EB8-4A45-B975-24AAD5CFEBEA}.Release|x86.Build.0 = Release|Win32
	EndGlobalSection
	GlobalSection(SolutionProperties) = preSolution
		HideSolutionNode = FALSE
	EndGlobalSection
	GlobalSection(ExtensibilityGlobals) = postSolution
		SolutionGuid = {6A68D03F-B565-45DC-BE98-78AE14D8263E}
	EndGlobalSection
EndGlobal
